
Microsoft Visual Studio Solution File, Format Version 12.00
# Visual Studio Version 17
VisualStudioVersion = 17.6.33723.286
MinimumVisualStudioVersion = 10.0.40219.1
Project("{FAE04EC0-301F-11D3-BF4B-00C04F79EFBC}") = "nac.CSSParsing", "nac.CSSParsing\nac.CSSParsing.csproj", "{04C85767-EF35-40CA-ACAC-14AF90998F6D}"
EndProject
Project("{FAE04EC0-301F-11D3-BF4B-00C04F79EFBC}") = "Tests", "Tests\Tests.csproj", "{EC014EBB-2154-4887-91C4-828C78F41852}"
EndProject
Global
	GlobalSection(SolutionConfigurationPlatforms) = preSolution
		Debug|Any CPU = Debug|Any CPU
		Release|Any CPU = Release|Any CPU
	EndGlobalSection
	GlobalSection(ProjectConfigurationPlatforms) = postSolution
		{04C85767-EF35-40CA-ACAC-14AF90998F6D}.Debug|Any CPU.ActiveCfg = Debug|Any CPU
		{04C85767-EF35-40CA-ACAC-14AF90998F6D}.Debug|Any CPU.Build.0 = Debug|Any CPU
		{04C85767-EF35-40CA-ACAC-14AF90998F6D}.Release|Any CPU.ActiveCfg = Release|Any CPU
		{04C85767-EF35-40CA-ACAC-14AF90998F6D}.Release|Any CPU.Build.0 = Release|Any CPU
		{EC014EBB-2154-4887-91C4-828C78F41852}.Debug|Any CPU.ActiveCfg = Debug|Any CPU
		{EC014EBB-2154-4887-91C4-828C78F41852}.Debug|Any CPU.Build.0 = Debug|Any CPU
		{EC014EBB-2154-4887-91C4-828C78F41852}.Release|Any CPU.ActiveCfg = Release|Any CPU
		{EC014EBB-2154-4887-91C4-828C78F41852}.Release|Any CPU.Build.0 = Release|Any CPU
	EndGlobalSection
	GlobalSection(SolutionProperties) = preSolution
		HideSolutionNode = FALSE
	EndGlobalSection
	GlobalSection(ExtensibilityGlobals) = postSolution
		SolutionGuid = {C0799053-0710-421A-BEB8-1AAF804F813D}
	EndGlobalSection
EndGlobal
